// !$*UTF8*$!
{
	archiveVersion = 1;
	classes = {
	};
	objectVersion = 46;
	objects = {

/* Begin PBXBuildFile section */
		E5B6EC001ECAF8EC0078A0B8 /* main.m in Sources */ = {isa = PBXBuildFile; fileRef = E5B6EBFF1ECAF8EC0078A0B8 /* main.m */; };
		E5B6EC031ECAF8EC0078A0B8 /* AppDelegate.m in Sources */ = {isa = PBXBuildFile; fileRef = E5B6EC021ECAF8EC0078A0B8 /* AppDelegate.m */; };
		E5B6EC091ECAF8EC0078A0B8 /* Main.storyboard in Resources */ = {isa = PBXBuildFile; fileRef = E5B6EC071ECAF8EC0078A0B8 /* Main.storyboard */; };
		E5B6EC0B1ECAF8EC0078A0B8 /* Assets.xcassets in Resources */ = {isa = PBXBuildFile; fileRef = E5B6EC0A1ECAF8EC0078A0B8 /* Assets.xcassets */; };
		E5B6EC0E1ECAF8EC0078A0B8 /* LaunchScreen.storyboard in Resources */ = {isa = PBXBuildFile; fileRef = E5B6EC0C1ECAF8EC0078A0B8 /* LaunchScreen.storyboard */; };
		E5B6EC191ECAF8EC0078A0B8 /* CircularProgressProTests.m in Sources */ = {isa = PBXBuildFile; fileRef = E5B6EC181ECAF8EC0078A0B8 /* CircularProgressProTests.m */; };
		E5B6EC241ECAF8EC0078A0B8 /* CircularProgressProUITests.m in Sources */ = {isa = PBXBuildFile; fileRef = E5B6EC231ECAF8EC0078A0B8 /* CircularProgressProUITests.m */; };
		E5B6EC331ECAF94D0078A0B8 /* Session.m in Sources */ = {isa = PBXBuildFile; fileRef = E5B6EC321ECAF94D0078A0B8 /* Session.m */; };
		E5B6EC391ECAF99A0078A0B8 /* CircleProgressView.m in Sources */ = {isa = PBXBuildFile; fileRef = E5B6EC381ECAF99A0078A0B8 /* CircleProgressView.m */; };
		E5B6EC3C1ECAFA1B0078A0B8 /* CircleShapeLayer.m in Sources */ = {isa = PBXBuildFile; fileRef = E5B6EC3B1ECAFA1B0078A0B8 /* CircleShapeLayer.m */; };
		E5B6EC401ECAFAC90078A0B8 /* CountDownController.m in Sources */ = {isa = PBXBuildFile; fileRef = E5B6EC3E1ECAFAC90078A0B8 /* CountDownController.m */; };
		E5B6EC411ECAFAC90078A0B8 /* CountDownController.xib in Resources */ = {isa = PBXBuildFile; fileRef = E5B6EC3F1ECAFAC90078A0B8 /* CountDownController.xib */; };
/* End PBXBuildFile section */

/* Begin PBXContainerItemProxy section */
		E5B6EC151ECAF8EC0078A0B8 /* PBXContainerItemProxy */ = {
			isa = PBXContainerItemProxy;
			containerPortal = E5B6EBF31ECAF8EC0078A0B8 /* Project object */;
			proxyType = 1;
			remoteGlobalIDString = E5B6EBFA1ECAF8EC0078A0B8;
			remoteInfo = CircularProgressPro;
		};
		E5B6EC201ECAF8EC0078A0B8 /* PBXContainerItemProxy */ = {
			isa = PBXContainerItemProxy;
			containerPortal = E5B6EBF31ECAF8EC0078A0B8 /* Project object */;
			proxyType = 1;
			remoteGlobalIDString = E5B6EBFA1ECAF8EC0078A0B8;
			remoteInfo = CircularProgressPro;
		};
/* End PBXContainerItemProxy section */

/* Begin PBXFileReference section */
		E5B6EBFB1ECAF8EC0078A0B8 /* CircularProgressPro.app */ = {isa = PBXFileReference; explicitFileType = wrapper.application; includeInIndex = 0; path = CircularProgressPro.app; sourceTree = BUILT_PRODUCTS_DIR; };
		E5B6EBFF1ECAF8EC0078A0B8 /* main.m */ = {isa = PBXFileReference; lastKnownFileType = sourcecode.c.objc; path = main.m; sourceTree = "<group>"; };
		E5B6EC011ECAF8EC0078A0B8 /* AppDelegate.h */ = {isa = PBXFileReference; lastKnownFileType = sourcecode.c.h; path = AppDelegate.h; sourceTree = "<group>"; };
		E5B6EC021ECAF8EC0078A0B8 /* AppDelegate.m */ = {isa = PBXFileReference; lastKnownFileType = sourcecode.c.objc; path = AppDelegate.m; sourceTree = "<group>"; };
		E5B6EC081ECAF8EC0078A0B8 /* Base */ = {isa = PBXFileReference; lastKnownFileType = file.storyboard; name = Base; path = Base.lproj/Main.storyboard; sourceTree = "<group>"; };
		E5B6EC0A1ECAF8EC0078A0B8 /* Assets.xcassets */ = {isa = PBXFileReference; lastKnownFileType = folder.assetcatalog; path = Assets.xcassets; sourceTree = "<group>"; };
		E5B6EC0D1ECAF8EC0078A0B8 /* Base */ = {isa = PBXFileReference; lastKnownFileType = file.storyboard; name = Base; path = Base.lproj/LaunchScreen.storyboard; sourceTree = "<group>"; };
		E5B6EC0F1ECAF8EC0078A0B8 /* Info.plist */ = {isa = PBXFileReference; lastKnownFileType = text.plist.xml; path = Info.plist; sourceTree = "<group>"; };
		E5B6EC141ECAF8EC0078A0B8 /* CircularProgressProTests.xctest */ = {isa = PBXFileReference; explicitFileType = wrapper.cfbundle; includeInIndex = 0; path = CircularProgressProTests.xctest; sourceTree = BUILT_PRODUCTS_DIR; };
		E5B6EC181ECAF8EC0078A0B8 /* CircularProgressProTests.m */ = {isa = PBXFileReference; lastKnownFileType = sourcecode.c.objc; path = CircularProgressProTests.m; sourceTree = "<group>"; };
		E5B6EC1A1ECAF8EC0078A0B8 /* Info.plist */ = {isa = PBXFileReference; lastKnownFileType = text.plist.xml; path = Info.plist; sourceTree = "<group>"; };
		E5B6EC1F1ECAF8EC0078A0B8 /* CircularProgressProUITests.xctest */ = {isa = PBXFileReference; explicitFileType = wrapper.cfbundle; includeInIndex = 0; path = CircularProgressProUITests.xctest; sourceTree = BUILT_PRODUCTS_DIR; };
		E5B6EC231ECAF8EC0078A0B8 /* CircularProgressProUITests.m */ = {isa = PBXFileReference; lastKnownFileType = sourcecode.c.objc; path = CircularProgressProUITests.m; sourceTree = "<group>"; };
		E5B6EC251ECAF8EC0078A0B8 /* Info.plist */ = {isa = PBXFileReference; lastKnownFileType = text.plist.xml; path = Info.plist; sourceTree = "<group>"; };
		E5B6EC311ECAF94D0078A0B8 /* Session.h */ = {isa = PBXFileReference; fileEncoding = 4; lastKnownFileType = sourcecode.c.h; path = Session.h; sourceTree = "<group>"; };
		E5B6EC321ECAF94D0078A0B8 /* Session.m */ = {isa = PBXFileReference; fileEncoding = 4; lastKnownFileType = sourcecode.c.objc; path = Session.m; sourceTree = "<group>"; };
		E5B6EC371ECAF99A0078A0B8 /* CircleProgressView.h */ = {isa = PBXFileReference; fileEncoding = 4; lastKnownFileType = sourcecode.c.h; path = CircleProgressView.h; sourceTree = "<group>"; };
		E5B6EC381ECAF99A0078A0B8 /* CircleProgressView.m */ = {isa = PBXFileReference; fileEncoding = 4; lastKnownFileType = sourcecode.c.objc; path = CircleProgressView.m; sourceTree = "<group>"; };
		E5B6EC3A1ECAFA1B0078A0B8 /* CircleShapeLayer.h */ = {isa = PBXFileReference; fileEncoding = 4; lastKnownFileType = sourcecode.c.h; path = CircleShapeLayer.h; sourceTree = "<group>"; };
		E5B6EC3B1ECAFA1B0078A0B8 /* CircleShapeLayer.m */ = {isa = PBXFileReference; fileEncoding = 4; lastKnownFileType = sourcecode.c.objc; path = CircleShapeLayer.m; sourceTree = "<group>"; };
		E5B6EC3D1ECAFAC90078A0B8 /* CountDownController.h */ = {isa = PBXFileReference; fileEncoding = 4; lastKnownFileType = sourcecode.c.h; path = CountDownController.h; sourceTree = "<group>"; };
		E5B6EC3E1ECAFAC90078A0B8 /* CountDownController.m */ = {isa = PBXFileReference; fileEncoding = 4; lastKnownFileType = sourcecode.c.objc; path = CountDownController.m; sourceTree = "<group>"; };
		E5B6EC3F1ECAFAC90078A0B8 /* CountDownController.xib */ = {isa = PBXFileReference; fileEncoding = 4; lastKnownFileType = file.xib; path = CountDownController.xib; sourceTree = "<group>"; };
/* End PBXFileReference section */

/* Begin PBXFrameworksBuildPhase section */
		E5B6EBF81ECAF8EC0078A0B8 /* Frameworks */ = {
			isa = PBXFrameworksBuildPhase;
			buildActionMask = 2147483647;
			files = (
			);
			runOnlyForDeploymentPostprocessing = 0;
		};
		E5B6EC111ECAF8EC0078A0B8 /* Frameworks */ = {
			isa = PBXFrameworksBuildPhase;
			buildActionMask = 2147483647;
			files = (
			);
			runOnlyForDeploymentPostprocessing = 0;
		};
		E5B6EC1C1ECAF8EC0078A0B8 /* Frameworks */ = {
			isa = PBXFrameworksBuildPhase;
			buildActionMask = 2147483647;
			files = (
			);
			runOnlyForDeploymentPostprocessing = 0;
		};
/* End PBXFrameworksBuildPhase section */

/* Begin PBXGroup section */
		E5B6EBF21ECAF8EC0078A0B8 = {
			isa = PBXGroup;
			children = (
				E5B6EBFD1ECAF8EC0078A0B8 /* CircularProgressPro */,
				E5B6EC171ECAF8EC0078A0B8 /* CircularProgressProTests */,
				E5B6EC221ECAF8EC0078A0B8 /* CircularProgressProUITests */,
				E5B6EBFC1ECAF8EC0078A0B8 /* Products */,
			);
			sourceTree = "<group>";
		};
		E5B6EBFC1ECAF8EC0078A0B8 /* Products */ = {
			isa = PBXGroup;
			children = (
				E5B6EBFB1ECAF8EC0078A0B8 /* CircularProgressPro.app */,
				E5B6EC141ECAF8EC0078A0B8 /* CircularProgressProTests.xctest */,
				E5B6EC1F1ECAF8EC0078A0B8 /* CircularProgressProUITests.xctest */,
			);
			name = Products;
			sourceTree = "<group>";
		};
		E5B6EBFD1ECAF8EC0078A0B8 /* CircularProgressPro */ = {
			isa = PBXGroup;
			children = (
				E5B6EC011ECAF8EC0078A0B8 /* AppDelegate.h */,
				E5B6EC021ECAF8EC0078A0B8 /* AppDelegate.m */,
				E5B6EC311ECAF94D0078A0B8 /* Session.h */,
				E5B6EC321ECAF94D0078A0B8 /* Session.m */,
				E5B6EC3A1ECAFA1B0078A0B8 /* CircleShapeLayer.h */,
				E5B6EC3B1ECAFA1B0078A0B8 /* CircleShapeLayer.m */,
				E5B6EC371ECAF99A0078A0B8 /* CircleProgressView.h */,
				E5B6EC381ECAF99A0078A0B8 /* CircleProgressView.m */,
				E5B6EC3D1ECAFAC90078A0B8 /* CountDownController.h */,
				E5B6EC3E1ECAFAC90078A0B8 /* CountDownController.m */,
				E5B6EC3F1ECAFAC90078A0B8 /* CountDownController.xib */,
				E5B6EC071ECAF8EC0078A0B8 /* Main.storyboard */,
				E5B6EC0A1ECAF8EC0078A0B8 /* Assets.xcassets */,
				E5B6EC0C1ECAF8EC0078A0B8 /* LaunchScreen.storyboard */,
				E5B6EC0F1ECAF8EC0078A0B8 /* Info.plist */,
				E5B6EBFE1ECAF8EC0078A0B8 /* Supporting Files */,
			);
			path = CircularProgressPro;
			sourceTree = "<group>";
		};
		E5B6EBFE1ECAF8EC0078A0B8 /* Supporting Files */ = {
			isa = PBXGroup;
			children = (
				E5B6EBFF1ECAF8EC0078A0B8 /* main.m */,
			);
			name = "Supporting Files";
			sourceTree = "<group>";
		};
		E5B6EC171ECAF8EC0078A0B8 /* CircularProgressProTests */ = {
			isa = PBXGroup;
			children = (
				E5B6EC181ECAF8EC0078A0B8 /* CircularProgressProTests.m */,
				E5B6EC1A1ECAF8EC0078A0B8 /* Info.plist */,
			);
			path = CircularProgressProTests;
			sourceTree = "<group>";
		};
		E5B6EC221ECAF8EC0078A0B8 /* CircularProgressProUITests */ = {
			isa = PBXGroup;
			children = (
				E5B6EC231ECAF8EC0078A0B8 /* CircularProgressProUITests.m */,
				E5B6EC251ECAF8EC0078A0B8 /* Info.plist */,
			);
			path = CircularProgressProUITests;
			sourceTree = "<group>";
		};
/* End PBXGroup section */

/* Begin PBXNativeTarget section */
		E5B6EBFA1ECAF8EC0078A0B8 /* CircularProgressPro */ = {
			isa = PBXNativeTarget;
			buildConfigurationList = E5B6EC281ECAF8EC0078A0B8 /* Build configuration list for PBXNativeTarget "CircularProgressPro" */;
			buildPhases = (
				E5B6EBF71ECAF8EC0078A0B8 /* Sources */,
				E5B6EBF81ECAF8EC0078A0B8 /* Frameworks */,
				E5B6EBF91ECAF8EC0078A0B8 /* Resources */,
			);
			buildRules = (
			);
			dependencies = (
			);
			name = CircularProgressPro;
			productName = CircularProgressPro;
			productReference = E5B6EBFB1ECAF8EC0078A0B8 /* CircularProgressPro.app */;
			productType = "com.apple.product-type.application";
		};
		E5B6EC131ECAF8EC0078A0B8 /* CircularProgressProTests */ = {
			isa = PBXNativeTarget;
			buildConfigurationList = E5B6EC2B1ECAF8EC0078A0B8 /* Build configuration list for PBXNativeTarget "CircularProgressProTests" */;
			buildPhases = (
				E5B6EC101ECAF8EC0078A0B8 /* Sources */,
				E5B6EC111ECAF8EC0078A0B8 /* Frameworks */,
				E5B6EC121ECAF8EC0078A0B8 /* Resources */,
			);
			buildRules = (
			);
			dependencies = (
				E5B6EC161ECAF8EC0078A0B8 /* PBXTargetDependency */,
			);
			name = CircularProgressProTests;
			productName = CircularProgressProTests;
			productReference = E5B6EC141ECAF8EC0078A0B8 /* CircularProgressProTests.xctest */;
			productType = "com.apple.product-type.bundle.unit-test";
		};
		E5B6EC1E1ECAF8EC0078A0B8 /* CircularProgressProUITests */ = {
			isa = PBXNativeTarget;
			buildConfigurationList = E5B6EC2E1ECAF8EC0078A0B8 /* Build configuration list for PBXNativeTarget "CircularProgressProUITests" */;
			buildPhases = (
				E5B6EC1B1ECAF8EC0078A0B8 /* Sources */,
				E5B6EC1C1ECAF8EC0078A0B8 /* Frameworks */,
				E5B6EC1D1ECAF8EC0078A0B8 /* Resources */,
			);
			buildRules = (
			);
			dependencies = (
				E5B6EC211ECAF8EC0078A0B8 /* PBXTargetDependency */,
			);
			name = CircularProgressProUITests;
			productName = CircularProgressProUITests;
			productReference = E5B6EC1F1ECAF8EC0078A0B8 /* CircularProgressProUITests.xctest */;
			productType = "com.apple.product-type.bundle.ui-testing";
		};
/* End PBXNativeTarget section */

/* Begin PBXProject section */
		E5B6EBF31ECAF8EC0078A0B8 /* Project object */ = {
			isa = PBXProject;
			attributes = {
				LastUpgradeCheck = 0830;
				ORGANIZATIONNAME = wsg;
				TargetAttributes = {
					E5B6EBFA1ECAF8EC0078A0B8 = {
						CreatedOnToolsVersion = 8.3.1;
						DevelopmentTeam = G32WQ32RAR;
						ProvisioningStyle = Automatic;
					};
					E5B6EC131ECAF8EC0078A0B8 = {
						CreatedOnToolsVersion = 8.3.1;
						DevelopmentTeam = G32WQ32RAR;
						ProvisioningStyle = Automatic;
						TestTargetID = E5B6EBFA1ECAF8EC0078A0B8;
					};
					E5B6EC1E1ECAF8EC0078A0B8 = {
						CreatedOnToolsVersion = 8.3.1;
						DevelopmentTeam = G32WQ32RAR;
						ProvisioningStyle = Automatic;
						TestTargetID = E5B6EBFA1ECAF8EC0078A0B8;
					};
				};
			};
			buildConfigurationList = E5B6EBF61ECAF8EC0078A0B8 /* Build configuration list for PBXProject "CircularProgressPro" */;
			compatibilityVersion = "Xcode 3.2";
			developmentRegion = English;
			hasScannedForEncodings = 0;
			knownRegions = (
				en,
				Base,
			);
			mainGroup = E5B6EBF21ECAF8EC0078A0B8;
			productRefGroup = E5B6EBFC1ECAF8EC0078A0B8 /* Products */;
			projectDirPath = "";
			projectRoot = "";
			targets = (
				E5B6EBFA1ECAF8EC0078A0B8 /* CircularProgressPro */,
				E5B6EC131ECAF8EC0078A0B8 /* CircularProgressProTests */,
				E5B6EC1E1ECAF8EC0078A0B8 /* CircularProgressProUITests */,
			);
		};
/* End PBXProject section */

/* Begin PBXResourcesBuildPhase section */
		E5B6EBF91ECAF8EC0078A0B8 /* Resources */ = {
			isa = PBXResourcesBuildPhase;
			buildActionMask = 2147483647;
			files = (
				E5B6EC0E1ECAF8EC0078A0B8 /* LaunchScreen.storyboard in Resources */,
				E5B6EC411ECAFAC90078A0B8 /* CountDownController.xib in Resources */,
				E5B6EC0B1ECAF8EC0078A0B8 /* Assets.xcassets in Resources */,
				E5B6EC091ECAF8EC0078A0B8 /* Main.storyboard in Resources */,
			);
			runOnlyForDeploymentPostprocessing = 0;
		};
		E5B6EC121ECAF8EC0078A0B8 /* Resources */ = {
			isa = PBXResourcesBuildPhase;
			buildActionMask = 2147483647;
			files = (
			);
			runOnlyForDeploymentPostprocessing = 0;
		};
		E5B6EC1D1ECAF8EC0078A0B8 /* Resources */ = {
			isa = PBXResourcesBuildPhase;
			buildActionMask = 2147483647;
			files = (
			);
			runOnlyForDeploymentPostprocessing = 0;
		};
/* End PBXResourcesBuildPhase section */

/* Begin PBXSourcesBuildPhase section */
		E5B6EBF71ECAF8EC0078A0B8 /* Sources */ = {
			isa = PBXSourcesBuildPhase;
			buildActionMask = 2147483647;
			files = (
				E5B6EC331ECAF94D0078A0B8 /* Session.m in Sources */,
				E5B6EC031ECAF8EC0078A0B8 /* AppDelegate.m in Sources */,
				E5B6EC001ECAF8EC0078A0B8 /* main.m in Sources */,
				E5B6EC391ECAF99A0078A0B8 /* CircleProgressView.m in Sources */,
				E5B6EC3C1ECAFA1B0078A0B8 /* CircleShapeLayer.m in Sources */,
				E5B6EC401ECAFAC90078A0B8 /* CountDownController.m in Sources */,
			);
			runOnlyForDeploymentPostprocessing = 0;
		};
		E5B6EC101ECAF8EC0078A0B8 /* Sources */ = {
			isa = PBXSourcesBuildPhase;
			buildActionMask = 2147483647;
			files = (
				E5B6EC191ECAF8EC0078A0B8 /* CircularProgressProTests.m in Sources */,
			);
			runOnlyForDeploymentPostprocessing = 0;
		};
		E5B6EC1B1ECAF8EC0078A0B8 /* Sources */ = {
			isa = PBXSourcesBuildPhase;
			buildActionMask = 2147483647;
			files = (
				E5B6EC241ECAF8EC0078A0B8 /* CircularProgressProUITests.m in Sources */,
			);
			runOnlyForDeploymentPostprocessing = 0;
		};
/* End PBXSourcesBuildPhase section */

/* Begin PBXTargetDependency section */
		E5B6EC161ECAF8EC0078A0B8 /* PBXTargetDependency */ = {
			isa = PBXTargetDependency;
			target = E5B6EBFA1ECAF8EC0078A0B8 /* CircularProgressPro */;
			targetProxy = E5B6EC151ECAF8EC0078A0B8 /* PBXContainerItemProxy */;
		};
		E5B6EC211ECAF8EC0078A0B8 /* PBXTargetDependency */ = {
			isa = PBXTargetDependency;
			target = E5B6EBFA1ECAF8EC0078A0B8 /* CircularProgressPro */;
			targetProxy = E5B6EC201ECAF8EC0078A0B8 /* PBXContainerItemProxy */;
		};
/* End PBXTargetDependency section */

/* Begin PBXVariantGroup section */
		E5B6EC071ECAF8EC0078A0B8 /* Main.storyboard */ = {
			isa = PBXVariantGroup;
			children = (
				E5B6EC081ECAF8EC0078A0B8 /* Base */,
			);
			name = Main.storyboard;
			sourceTree = "<group>";
		};
		E5B6EC0C1ECAF8EC0078A0B8 /* LaunchScreen.storyboard */ = {
			isa = PBXVariantGroup;
			children = (
				E5B6EC0D1ECAF8EC0078A0B8 /* Base */,
			);
			name = LaunchScreen.storyboard;
			sourceTree = "<group>";
		};
/* End PBXVariantGroup section */

/* Begin XCBuildConfiguration section */
		E5B6EC261ECAF8EC0078A0B8 /* Debug */ = {
			isa = XCBuildConfiguration;
			buildSettings = {
				ALWAYS_SEARCH_USER_PATHS = NO;
				CLANG_ANALYZER_NONNULL = YES;
				CLANG_ANALYZER_NUMBER_OBJECT_CONVERSION = YES_AGGRESSIVE;
				CLANG_CXX_LANGUAGE_STANDARD = "gnu++0x";
				CLANG_CXX_LIBRARY = "libc++";
				CLANG_ENABLE_MODULES = YES;
				CLANG_ENABLE_OBJC_ARC = YES;
				CLANG_WARN_BOOL_CONVERSION = YES;
				CLANG_WARN_CONSTANT_CONVERSION = YES;
				CLANG_WARN_DIRECT_OBJC_ISA_USAGE = YES_ERROR;
				CLANG_WARN_DOCUMENTATION_COMMENTS = YES;
				CLANG_WARN_EMPTY_BODY = YES;
				CLANG_WARN_ENUM_CONVERSION = YES;
				CLANG_WARN_INFINITE_RECURSION = YES;
				CLANG_WARN_INT_CONVERSION = YES;
				CLANG_WARN_OBJC_ROOT_CLASS = YES_ERROR;
				CLANG_WARN_SUSPICIOUS_MOVE = YES;
				CLANG_WARN_UNREACHABLE_CODE = YES;
				CLANG_WARN__DUPLICATE_METHOD_MATCH = YES;
				"CODE_SIGN_IDENTITY[sdk=iphoneos*]" = "iPhone Developer";
				COPY_PHASE_STRIP = NO;
				DEBUG_INFORMATION_FORMAT = dwarf;
				ENABLE_STRICT_OBJC_MSGSEND = YES;
				ENABLE_TESTABILITY = YES;
				GCC_C_LANGUAGE_STANDARD = gnu99;
				GCC_DYNAMIC_NO_PIC = NO;
				GCC_NO_COMMON_BLOCKS = YES;
				GCC_OPTIMIZATION_LEVEL = 0;
				GCC_PREPROCESSOR_DEFINITIONS = (
					"DEBUG=1",
					"$(inherited)",
				);
				GCC_WARN_64_TO_32_BIT_CONVERSION = YES;
				GCC_WARN_ABOUT_RETURN_TYPE = YES_ERROR;
				GCC_WARN_UNDECLARED_SELECTOR = YES;
				GCC_WARN_UNINITIALIZED_AUTOS = YES_AGGRESSIVE;
				GCC_WARN_UNUSED_FUNCTION = YES;
				GCC_WARN_UNUSED_VARIABLE = YES;
				IPHONEOS_DEPLOYMENT_TARGET = 10.3;
				MTL_ENABLE_DEBUG_INFO = YES;
				ONLY_ACTIVE_ARCH = YES;
				SDKROOT = iphoneos;
				TARGETED_DEVICE_FAMILY = "1,2";
			};
			name = Debug;
		};
		E5B6EC271ECAF8EC0078A0B8 /* Release */ = {
			isa = XCBuildConfiguration;
			buildSettings = {
				ALWAYS_SEARCH_USER_PATHS = NO;
				CLANG_ANALYZER_NONNULL = YES;
				CLANG_ANALYZER_NUMBER_OBJECT_CONVERSION = YES_AGGRESSIVE;
				CLANG_CXX_LANGUAGE_STANDARD = "gnu++0x";
				CLANG_CXX_LIBRARY = "libc++";
				CLANG_ENABLE_MODULES = YES;
				CLANG_ENABLE_OBJC_ARC = YES;
				CLANG_WARN_BOOL_CONVERSION = YES;
				CLANG_WARN_CONSTANT_CONVERSION = YES;
				CLANG_WARN_DIRECT_OBJC_ISA_USAGE = YES_ERROR;
				CLANG_WARN_DOCUMENTATION_COMMENTS = YES;
				CLANG_WARN_EMPTY_BODY = YES;
				CLANG_WARN_ENUM_CONVERSION = YES;
				CLANG_WARN_INFINITE_RECURSION = YES;
				CLANG_WARN_INT_CONVERSION = YES;
				CLANG_WARN_OBJC_ROOT_CLASS = YES_ERROR;
				CLANG_WARN_SUSPICIOUS_MOVE = YES;
				CLANG_WARN_UNREACHABLE_CODE = YES;
				CLANG_WARN__DUPLICATE_METHOD_MATCH = YES;
				"CODE_SIGN_IDENTITY[sdk=iphoneos*]" = "iPhone Developer";
				COPY_PHASE_STRIP = NO;
				DEBUG_INFORMATION_FORMAT = "dwarf-with-dsym";
				ENABLE_NS_ASSERTIONS = NO;
				ENABLE_STRICT_OBJC_MSGSEND = YES;
				GCC_C_LANGUAGE_STANDARD = gnu99;
				GCC_NO_COMMON_BLOCKS = YES;
				GCC_WARN_64_TO_32_BIT_CONVERSION = YES;
				GCC_WARN_ABOUT_RETURN_TYPE = YES_ERROR;
				GCC_WARN_UNDECLARED_SELECTOR = YES;
				GCC_WARN_UNINITIALIZED_AUTOS = YES_AGGRESSIVE;
				GCC_WARN_UNUSED_FUNCTION = YES;
				GCC_WARN_UNUSED_VARIABLE = YES;
				IPHONEOS_DEPLOYMENT_TARGET = 10.3;
				MTL_ENABLE_DEBUG_INFO = NO;
				SDKROOT = iphoneos;
				TARGETED_DEVICE_FAMILY = "1,2";
				VALIDATE_PRODUCT = YES;
			};
			name = Release;
		};
		E5B6EC291ECAF8EC0078A0B8 /* Debug */ = {
			isa = XCBuildConfiguration;
			buildSettings = {
				ASSETCATALOG_COMPILER_APPICON_NAME = AppIcon;
				DEVELOPMENT_TEAM = G32WQ32RAR;
				INFOPLIST_FILE = CircularProgressPro/Info.plist;
				LD_RUNPATH_SEARCH_PATHS = "$(inherited) @executable_path/Frameworks";
				PRODUCT_BUNDLE_IDENTIFIER = com.wsg.test.CircularProgressPro;
				PRODUCT_NAME = "$(TARGET_NAME)";
			};
			name = Debug;
		};
		E5B6EC2A1ECAF8EC0078A0B8 /* Release */ = {
			isa = XCBuildConfiguration;
			buildSettings = {
				ASSETCATALOG_COMPILER_APPICON_NAME = AppIcon;
				DEVELOPMENT_TEAM = G32WQ32RAR;
				INFOPLIST_FILE = CircularProgressPro/Info.plist;
				LD_RUNPATH_SEARCH_PATHS = "$(inherited) @executable_path/Frameworks";
				PRODUCT_BUNDLE_IDENTIFIER = com.wsg.test.CircularProgressPro;
				PRODUCT_NAME = "$(TARGET_NAME)";
			};
			name = Release;
		};
		E5B6EC2C1ECAF8EC0078A0B8 /* Debug */ = {
			isa = XCBuildConfiguration;
			buildSettings = {
				BUNDLE_LOADER = "$(TEST_HOST)";
				DEVELOPMENT_TEAM = G32WQ32RAR;
				INFOPLIST_FILE = CircularProgressProTests/Info.plist;
				LD_RUNPATH_SEARCH_PATHS = "$(inherited) @executable_path/Frameworks @loader_path/Frameworks";
				PRODUCT_BUNDLE_IDENTIFIER = com.wsg.test.CircularProgressProTests;
				PRODUCT_NAME = "$(TARGET_NAME)";
				TEST_HOST = "$(BUILT_PRODUCTS_DIR)/CircularProgressPro.app/CircularProgressPro";
			};
			name = Debug;
		};
		E5B6EC2D1ECAF8EC0078A0B8 /* Release */ = {
			isa = XCBuildConfiguration;
			buildSettings = {
				BUNDLE_LOADER = "$(TEST_HOST)";
				DEVELOPMENT_TEAM = G32WQ32RAR;
				INFOPLIST_FILE = CircularProgressProTests/Info.plist;
				LD_RUNPATH_SEARCH_PATHS = "$(inherited) @executable_path/Frameworks @loader_path/Frameworks";
				PRODUCT_BUNDLE_IDENTIFIER = com.wsg.test.CircularProgressProTests;
				PRODUCT_NAME = "$(TARGET_NAME)";
				TEST_HOST = "$(BUILT_PRODUCTS_DIR)/CircularProgressPro.app/CircularProgressPro";
			};
			name = Release;
		};
		E5B6EC2F1ECAF8EC0078A0B8 /* Debug */ = {
			isa = XCBuildConfiguration;
			buildSettings = {
				DEVELOPMENT_TEAM = G32WQ32RAR;
				INFOPLIST_FILE = CircularProgressProUITests/Info.plist;
				LD_RUNPATH_SEARCH_PATHS = "$(inherited) @executable_path/Frameworks @loader_path/Frameworks";
				PRODUCT_BUNDLE_IDENTIFIER = com.wsg.test.CircularProgressProUITests;
				PRODUCT_NAME = "$(TARGET_NAME)";
				TEST_TARGET_NAME = CircularProgressPro;
			};
			name = Debug;
		};
		E5B6EC301ECAF8EC0078A0B8 /* Release */ = {
			isa = XCBuildConfiguration;
			buildSettings = {
				DEVELOPMENT_TEAM = G32WQ32RAR;
				INFOPLIST_FILE = CircularProgressProUITests/Info.plist;
				LD_RUNPATH_SEARCH_PATHS = "$(inherited) @executable_path/Frameworks @loader_path/Frameworks";
				PRODUCT_BUNDLE_IDENTIFIER = com.wsg.test.CircularProgressProUITests;
				PRODUCT_NAME = "$(TARGET_NAME)";
				TEST_TARGET_NAME = CircularProgressPro;
			};
			name = Release;
		};
/* End XCBuildConfiguration section */

/* Begin XCConfigurationList section */
		E5B6EBF61ECAF8EC0078A0B8 /* Build configuration list for PBXProject "CircularProgressPro" */ = {
			isa = XCConfigurationList;
			buildConfigurations = (
				E5B6EC261ECAF8EC0078A0B8 /* Debug */,
				E5B6EC271ECAF8EC0078A0B8 /* Release */,
			);
			defaultConfigurationIsVisible = 0;
			defaultConfigurationName = Release;
		};
		E5B6EC281ECAF8EC0078A0B8 /* Build configuration list for PBXNativeTarget "CircularProgressPro" */ = {
			isa = XCConfigurationList;
			buildConfigurations = (
				E5B6EC291ECAF8EC0078A0B8 /* Debug */,
				E5B6EC2A1ECAF8EC0078A0B8 /* Release */,
			);
			defaultConfigurationIsVisible = 0;
		};
		E5B6EC2B1ECAF8EC0078A0B8 /* Build configuration list for PBXNativeTarget "CircularProgressProTests" */ = {
			isa = XCConfigurationList;
			buildConfigurations = (
				E5B6EC2C1ECAF8EC0078A0B8 /* Debug */,
				E5B6EC2D1ECAF8EC0078A0B8 /* Release */,
			);
			defaultConfigurationIsVisible = 0;
		};
		E5B6EC2E1ECAF8EC0078A0B8 /* Build configuration list for PBXNativeTarget "CircularProgressProUITests" */ = {
			isa = XCConfigurationList;
			buildConfigurations = (
				E5B6EC2F1ECAF8EC0078A0B8 /* Debug */,
				E5B6EC301ECAF8EC0078A0B8 /* Release */,
			);
			defaultConfigurationIsVisible = 0;
		};
/* End XCConfigurationList section */
	};
	rootObject = E5B6EBF31ECAF8EC0078A0B8 /* Project object */;
}
